// !$*UTF8*$!
{
	archiveVersion = 1;
	classes = {
	};
	objectVersion = 50;
	objects = {

/* Begin PBXBuildFile section */
		1E47238F25524822009DA9EE /* AppDelegate.swift in Sources */ = {isa = PBXBuildFile; fileRef = 1E47238E25524822009DA9EE /* AppDelegate.swift */; };
		1E47239125524822009DA9EE /* SceneDelegate.swift in Sources */ = {isa = PBXBuildFile; fileRef = 1E47239025524822009DA9EE /* SceneDelegate.swift */; };
		1E47239325524822009DA9EE /* ViewController.swift in Sources */ = {isa = PBXBuildFile; fileRef = 1E47239225524822009DA9EE /* ViewController.swift */; };
		1E47239625524822009DA9EE /* Main.storyboard in Resources */ = {isa = PBXBuildFile; fileRef = 1E47239425524822009DA9EE /* Main.storyboard */; };
		1E47239825524822009DA9EE /* Assets.xcassets in Resources */ = {isa = PBXBuildFile; fileRef = 1E47239725524822009DA9EE /* Assets.xcassets */; };
		1E47239B25524822009DA9EE /* LaunchScreen.storyboard in Resources */ = {isa = PBXBuildFile; fileRef = 1E47239925524822009DA9EE /* LaunchScreen.storyboard */; };
		1E4723A625524822009DA9EE /* Switch_View_Controller_Based_On_UserDefaultsTests.swift in Sources */ = {isa = PBXBuildFile; fileRef = 1E4723A525524822009DA9EE /* Switch_View_Controller_Based_On_UserDefaultsTests.swift */; };
		1E4723B125524822009DA9EE /* Switch_View_Controller_Based_On_UserDefaultsUITests.swift in Sources */ = {isa = PBXBuildFile; fileRef = 1E4723B025524822009DA9EE /* Switch_View_Controller_Based_On_UserDefaultsUITests.swift */; };
/* End PBXBuildFile section */

/* Begin PBXContainerItemProxy section */
		1E4723A225524822009DA9EE /* PBXContainerItemProxy */ = {
			isa = PBXContainerItemProxy;
			containerPortal = 1E47238325524822009DA9EE /* Project object */;
			proxyType = 1;
			remoteGlobalIDString = 1E47238A25524822009DA9EE;
			remoteInfo = "Switch View Controller Based On UserDefaults";
		};
		1E4723AD25524822009DA9EE /* PBXContainerItemProxy */ = {
			isa = PBXContainerItemProxy;
			containerPortal = 1E47238325524822009DA9EE /* Project object */;
			proxyType = 1;
			remoteGlobalIDString = 1E47238A25524822009DA9EE;
			remoteInfo = "Switch View Controller Based On UserDefaults";
		};
/* End PBXContainerItemProxy section */

/* Begin PBXFileReference section */
		1E47238B25524822009DA9EE /* Switch View Controller Based On UserDefaults.app */ = {isa = PBXFileReference; explicitFileType = wrapper.application; includeInIndex = 0; path = "Switch View Controller Based On UserDefaults.app"; sourceTree = BUILT_PRODUCTS_DIR; };
		1E47238E25524822009DA9EE /* AppDelegate.swift */ = {isa = PBXFileReference; lastKnownFileType = sourcecode.swift; path = AppDelegate.swift; sourceTree = "<group>"; };
		1E47239025524822009DA9EE /* SceneDelegate.swift */ = {isa = PBXFileReference; lastKnownFileType = sourcecode.swift; path = SceneDelegate.swift; sourceTree = "<group>"; };
		1E47239225524822009DA9EE /* ViewController.swift */ = {isa = PBXFileReference; lastKnownFileType = sourcecode.swift; path = ViewController.swift; sourceTree = "<group>"; };
		1E47239525524822009DA9EE /* Base */ = {isa = PBXFileReference; lastKnownFileType = file.storyboard; name = Base; path = Base.lproj/Main.storyboard; sourceTree = "<group>"; };
		1E47239725524822009DA9EE /* Assets.xcassets */ = {isa = PBXFileReference; lastKnownFileType = folder.assetcatalog; path = Assets.xcassets; sourceTree = "<group>"; };
		1E47239A25524822009DA9EE /* Base */ = {isa = PBXFileReference; lastKnownFileType = file.storyboard; name = Base; path = Base.lproj/LaunchScreen.storyboard; sourceTree = "<group>"; };
		1E47239C25524822009DA9EE /* Info.plist */ = {isa = PBXFileReference; lastKnownFileType = text.plist.xml; path = Info.plist; sourceTree = "<group>"; };
		1E4723A125524822009DA9EE /* Switch View Controller Based On UserDefaultsTests.xctest */ = {isa = PBXFileReference; explicitFileType = wrapper.cfbundle; includeInIndex = 0; path = "Switch View Controller Based On UserDefaultsTests.xctest"; sourceTree = BUILT_PRODUCTS_DIR; };
		1E4723A525524822009DA9EE /* Switch_View_Controller_Based_On_UserDefaultsTests.swift */ = {isa = PBXFileReference; lastKnownFileType = sourcecode.swift; path = Switch_View_Controller_Based_On_UserDefaultsTests.swift; sourceTree = "<group>"; };
		1E4723A725524822009DA9EE /* Info.plist */ = {isa = PBXFileReference; lastKnownFileType = text.plist.xml; path = Info.plist; sourceTree = "<group>"; };
		1E4723AC25524822009DA9EE /* Switch View Controller Based On UserDefaultsUITests.xctest */ = {isa = PBXFileReference; explicitFileType = wrapper.cfbundle; includeInIndex = 0; path = "Switch View Controller Based On UserDefaultsUITests.xctest"; sourceTree = BUILT_PRODUCTS_DIR; };
		1E4723B025524822009DA9EE /* Switch_View_Controller_Based_On_UserDefaultsUITests.swift */ = {isa = PBXFileReference; lastKnownFileType = sourcecode.swift; path = Switch_View_Controller_Based_On_UserDefaultsUITests.swift; sourceTree = "<group>"; };
		1E4723B225524822009DA9EE /* Info.plist */ = {isa = PBXFileReference; lastKnownFileType = text.plist.xml; path = Info.plist; sourceTree = "<group>"; };
/* End PBXFileReference section */

/* Begin PBXFrameworksBuildPhase section */
		1E47238825524822009DA9EE /* Frameworks */ = {
			isa = PBXFrameworksBuildPhase;
			buildActionMask = 2147483647;
			files = (
			);
			runOnlyForDeploymentPostprocessing = 0;
		};
		1E47239E25524822009DA9EE /* Frameworks */ = {
			isa = PBXFrameworksBuildPhase;
			buildActionMask = 2147483647;
			files = (
			);
			runOnlyForDeploymentPostprocessing = 0;
		};
		1E4723A925524822009DA9EE /* Frameworks */ = {
			isa = PBXFrameworksBuildPhase;
			buildActionMask = 2147483647;
			files = (
			);
			runOnlyForDeploymentPostprocessing = 0;
		};
/* End PBXFrameworksBuildPhase section */

/* Begin PBXGroup section */
		1E47238225524822009DA9EE = {
			isa = PBXGroup;
			children = (
				1E47238D25524822009DA9EE /* Switch View Controller Based On UserDefaults */,
				1E4723A425524822009DA9EE /* Switch View Controller Based On UserDefaultsTests */,
				1E4723AF25524822009DA9EE /* Switch View Controller Based On UserDefaultsUITests */,
				1E47238C25524822009DA9EE /* Products */,
			);
			sourceTree = "<group>";
		};
		1E47238C25524822009DA9EE /* Products */ = {
			isa = PBXGroup;
			children = (
				1E47238B25524822009DA9EE /* Switch View Controller Based On UserDefaults.app */,
				1E4723A125524822009DA9EE /* Switch View Controller Based On UserDefaultsTests.xctest */,
				1E4723AC25524822009DA9EE /* Switch View Controller Based On UserDefaultsUITests.xctest */,
			);
			name = Products;
			sourceTree = "<group>";
		};
		1E47238D25524822009DA9EE /* Switch View Controller Based On UserDefaults */ = {
			isa = PBXGroup;
			children = (
				1E47238E25524822009DA9EE /* AppDelegate.swift */,
				1E47239025524822009DA9EE /* SceneDelegate.swift */,
				1E47239225524822009DA9EE /* ViewController.swift */,
				1E47239425524822009DA9EE /* Main.storyboard */,
				1E47239725524822009DA9EE /* Assets.xcassets */,
				1E47239925524822009DA9EE /* LaunchScreen.storyboard */,
				1E47239C25524822009DA9EE /* Info.plist */,
			);
			path = "Switch View Controller Based On UserDefaults";
			sourceTree = "<group>";
		};
		1E4723A425524822009DA9EE /* Switch View Controller Based On UserDefaultsTests */ = {
			isa = PBXGroup;
			children = (
				1E4723A525524822009DA9EE /* Switch_View_Controller_Based_On_UserDefaultsTests.swift */,
				1E4723A725524822009DA9EE /* Info.plist */,
			);
			path = "Switch View Controller Based On UserDefaultsTests";
			sourceTree = "<group>";
		};
		1E4723AF25524822009DA9EE /* Switch View Controller Based On UserDefaultsUITests */ = {
			isa = PBXGroup;
			children = (
				1E4723B025524822009DA9EE /* Switch_View_Controller_Based_On_UserDefaultsUITests.swift */,
				1E4723B225524822009DA9EE /* Info.plist */,
			);
			path = "Switch View Controller Based On UserDefaultsUITests";
			sourceTree = "<group>";
		};
/* End PBXGroup section */

/* Begin PBXNativeTarget section */
		1E47238A25524822009DA9EE /* Switch View Controller Based On UserDefaults */ = {
			isa = PBXNativeTarget;
			buildConfigurationList = 1E4723B525524822009DA9EE /* Build configuration list for PBXNativeTarget "Switch View Controller Based On UserDefaults" */;
			buildPhases = (
				1E47238725524822009DA9EE /* Sources */,
				1E47238825524822009DA9EE /* Frameworks */,
				1E47238925524822009DA9EE /* Resources */,
			);
			buildRules = (
			);
			dependencies = (
			);
			name = "Switch View Controller Based On UserDefaults";
			productName = "Switch View Controller Based On UserDefaults";
			productReference = 1E47238B25524822009DA9EE /* Switch View Controller Based On UserDefaults.app */;
			productType = "com.apple.product-type.application";
		};
		1E4723A025524822009DA9EE /* Switch View Controller Based On UserDefaultsTests */ = {
			isa = PBXNativeTarget;
			buildConfigurationList = 1E4723B825524822009DA9EE /* Build configuration list for PBXNativeTarget "Switch View Controller Based On UserDefaultsTests" */;
			buildPhases = (
				1E47239D25524822009DA9EE /* Sources */,
				1E47239E25524822009DA9EE /* Frameworks */,
				1E47239F25524822009DA9EE /* Resources */,
			);
			buildRules = (
			);
			dependencies = (
				1E4723A325524822009DA9EE /* PBXTargetDependency */,
			);
			name = "Switch View Controller Based On UserDefaultsTests";
			productName = "Switch View Controller Based On UserDefaultsTests";
			productReference = 1E4723A125524822009DA9EE /* Switch View Controller Based On UserDefaultsTests.xctest */;
			productType = "com.apple.product-type.bundle.unit-test";
		};
		1E4723AB25524822009DA9EE /* Switch View Controller Based On UserDefaultsUITests */ = {
			isa = PBXNativeTarget;
			buildConfigurationList = 1E4723BB25524822009DA9EE /* Build configuration list for PBXNativeTarget "Switch View Controller Based On UserDefaultsUITests" */;
			buildPhases = (
				1E4723A825524822009DA9EE /* Sources */,
				1E4723A925524822009DA9EE /* Frameworks */,
				1E4723AA25524822009DA9EE /* Resources */,
			);
			buildRules = (
			);
			dependencies = (
				1E4723AE25524822009DA9EE /* PBXTargetDependency */,
			);
			name = "Switch View Controller Based On UserDefaultsUITests";
			productName = "Switch View Controller Based On UserDefaultsUITests";
			productReference = 1E4723AC25524822009DA9EE /* Switch View Controller Based On UserDefaultsUITests.xctest */;
			productType = "com.apple.product-type.bundle.ui-testing";
		};
/* End PBXNativeTarget section */

/* Begin PBXProject section */
		1E47238325524822009DA9EE /* Project object */ = {
			isa = PBXProject;
			attributes = {
				LastSwiftUpdateCheck = 1210;
				LastUpgradeCheck = 1210;
				TargetAttributes = {
					1E47238A25524822009DA9EE = {
						CreatedOnToolsVersion = 12.1;
					};
					1E4723A025524822009DA9EE = {
						CreatedOnToolsVersion = 12.1;
						TestTargetID = 1E47238A25524822009DA9EE;
					};
					1E4723AB25524822009DA9EE = {
						CreatedOnToolsVersion = 12.1;
						TestTargetID = 1E47238A25524822009DA9EE;
					};
				};
			};
			buildConfigurationList = 1E47238625524822009DA9EE /* Build configuration list for PBXProject "Switch View Controller Based On UserDefaults" */;
			compatibilityVersion = "Xcode 9.3";
			developmentRegion = en;
			hasScannedForEncodings = 0;
			knownRegions = (
				en,
				Base,
			);
			mainGroup = 1E47238225524822009DA9EE;
			productRefGroup = 1E47238C25524822009DA9EE /* Products */;
			projectDirPath = "";
			projectRoot = "";
			targets = (
				1E47238A25524822009DA9EE /* Switch View Controller Based On UserDefaults */,
				1E4723A025524822009DA9EE /* Switch View Controller Based On UserDefaultsTests */,
				1E4723AB25524822009DA9EE /* Switch View Controller Based On UserDefaultsUITests */,
			);
		};
/* End PBXProject section */

/* Begin PBXResourcesBuildPhase section */
		1E47238925524822009DA9EE /* Resources */ = {
			isa = PBXResourcesBuildPhase;
			buildActionMask = 2147483647;
			files = (
				1E47239B25524822009DA9EE /* LaunchScreen.storyboard in Resources */,
				1E47239825524822009DA9EE /* Assets.xcassets in Resources */,
				1E47239625524822009DA9EE /* Main.storyboard in Resources */,
			);
			runOnlyForDeploymentPostprocessing = 0;
		};
		1E47239F25524822009DA9EE /* Resources */ = {
			isa = PBXResourcesBuildPhase;
			buildActionMask = 2147483647;
			files = (
			);
			runOnlyForDeploymentPostprocessing = 0;
		};
		1E4723AA25524822009DA9EE /* Resources */ = {
			isa = PBXResourcesBuildPhase;
			buildActionMask = 2147483647;
			files = (
			);
			runOnlyForDeploymentPostprocessing = 0;
		};
/* End PBXResourcesBuildPhase section */

/* Begin PBXSourcesBuildPhase section */
		1E47238725524822009DA9EE /* Sources */ = {
			isa = PBXSourcesBuildPhase;
			buildActionMask = 2147483647;
			files = (
				1E47239325524822009DA9EE /* ViewController.swift in Sources */,
				1E47238F25524822009DA9EE /* AppDelegate.swift in Sources */,
				1E47239125524822009DA9EE /* SceneDelegate.swift in Sources */,
			);
			runOnlyForDeploymentPostprocessing = 0;
		};
		1E47239D25524822009DA9EE /* Sources */ = {
			isa = PBXSourcesBuildPhase;
			buildActionMask = 2147483647;
			files = (
				1E4723A625524822009DA9EE /* Switch_View_Controller_Based_On_UserDefaultsTests.swift in Sources */,
			);
			runOnlyForDeploymentPostprocessing = 0;
		};
		1E4723A825524822009DA9EE /* Sources */ = {
			isa = PBXSourcesBuildPhase;
			buildActionMask = 2147483647;
			files = (
				1E4723B125524822009DA9EE /* Switch_View_Controller_Based_On_UserDefaultsUITests.swift in Sources */,
			);
			runOnlyForDeploymentPostprocessing = 0;
		};
/* End PBXSourcesBuildPhase section */

/* Begin PBXTargetDependency section */
		1E4723A325524822009DA9EE /* PBXTargetDependency */ = {
			isa = PBXTargetDependency;
			target = 1E47238A25524822009DA9EE /* Switch View Controller Based On UserDefaults */;
			targetProxy = 1E4723A225524822009DA9EE /* PBXContainerItemProxy */;
		};
		1E4723AE25524822009DA9EE /* PBXTargetDependency */ = {
			isa = PBXTargetDependency;
			target = 1E47238A25524822009DA9EE /* Switch View Controller Based On UserDefaults */;
			targetProxy = 1E4723AD25524822009DA9EE /* PBXContainerItemProxy */;
		};
/* End PBXTargetDependency section */

/* Begin PBXVariantGroup section */
		1E47239425524822009DA9EE /* Main.storyboard */ = {
			isa = PBXVariantGroup;
			children = (
				1E47239525524822009DA9EE /* Base */,
			);
			name = Main.storyboard;
			sourceTree = "<group>";
		};
		1E47239925524822009DA9EE /* LaunchScreen.storyboard */ = {
			isa = PBXVariantGroup;
			children = (
				1E47239A25524822009DA9EE /* Base */,
			);
			name = LaunchScreen.storyboard;
			sourceTree = "<group>";
		};
/* End PBXVariantGroup section */

/* Begin XCBuildConfiguration section */
		1E4723B325524822009DA9EE /* Debug */ = {
			isa = XCBuildConfiguration;
			buildSettings = {
				ALWAYS_SEARCH_USER_PATHS = NO;
				CLANG_ANALYZER_NONNULL = YES;
				CLANG_ANALYZER_NUMBER_OBJECT_CONVERSION = YES_AGGRESSIVE;
				CLANG_CXX_LANGUAGE_STANDARD = "gnu++14";
				CLANG_CXX_LIBRARY = "libc++";
				CLANG_ENABLE_MODULES = YES;
				CLANG_ENABLE_OBJC_ARC = YES;
				CLANG_ENABLE_OBJC_WEAK = YES;
				CLANG_WARN_BLOCK_CAPTURE_AUTORELEASING = YES;
				CLANG_WARN_BOOL_CONVERSION = YES;
				CLANG_WARN_COMMA = YES;
				CLANG_WARN_CONSTANT_CONVERSION = YES;
				CLANG_WARN_DEPRECATED_OBJC_IMPLEMENTATIONS = YES;
				CLANG_WARN_DIRECT_OBJC_ISA_USAGE = YES_ERROR;
				CLANG_WARN_DOCUMENTATION_COMMENTS = YES;
				CLANG_WARN_EMPTY_BODY = YES;
				CLANG_WARN_ENUM_CONVERSION = YES;
				CLANG_WARN_INFINITE_RECURSION = YES;
				CLANG_WARN_INT_CONVERSION = YES;
				CLANG_WARN_NON_LITERAL_NULL_CONVERSION = YES;
				CLANG_WARN_OBJC_IMPLICIT_RETAIN_SELF = YES;
				CLANG_WARN_OBJC_LITERAL_CONVERSION = YES;
				CLANG_WARN_OBJC_ROOT_CLASS = YES_ERROR;
				CLANG_WARN_QUOTED_INCLUDE_IN_FRAMEWORK_HEADER = YES;
				CLANG_WARN_RANGE_LOOP_ANALYSIS = YES;
				CLANG_WARN_STRICT_PROTOTYPES = YES;
				CLANG_WARN_SUSPICIOUS_MOVE = YES;
				CLANG_WARN_UNGUARDED_AVAILABILITY = YES_AGGRESSIVE;
				CLANG_WARN_UNREACHABLE_CODE = YES;
				CLANG_WARN__DUPLICATE_METHOD_MATCH = YES;
				COPY_PHASE_STRIP = NO;
				DEBUG_INFORMATION_FORMAT = dwarf;
				ENABLE_STRICT_OBJC_MSGSEND = YES;
				ENABLE_TESTABILITY = YES;
				GCC_C_LANGUAGE_STANDARD = gnu11;
				GCC_DYNAMIC_NO_PIC = NO;
				GCC_NO_COMMON_BLOCKS = YES;
				GCC_OPTIMIZATION_LEVEL = 0;
				GCC_PREPROCESSOR_DEFINITIONS = (
					"DEBUG=1",
					"$(inherited)",
				);
				GCC_WARN_64_TO_32_BIT_CONVERSION = YES;
				GCC_WARN_ABOUT_RETURN_TYPE = YES_ERROR;
				GCC_WARN_UNDECLARED_SELECTOR = YES;
				GCC_WARN_UNINITIALIZED_AUTOS = YES_AGGRESSIVE;
				GCC_WARN_UNUSED_FUNCTION = YES;
				GCC_WARN_UNUSED_VARIABLE = YES;
				IPHONEOS_DEPLOYMENT_TARGET = 14.1;
				MTL_ENABLE_DEBUG_INFO = INCLUDE_SOURCE;
				MTL_FAST_MATH = YES;
				ONLY_ACTIVE_ARCH = YES;
				SDKROOT = iphoneos;
				SWIFT_ACTIVE_COMPILATION_CONDITIONS = DEBUG;
				SWIFT_OPTIMIZATION_LEVEL = "-Onone";
			};
			name = Debug;
		};
		1E4723B425524822009DA9EE /* Release */ = {
			isa = XCBuildConfiguration;
			buildSettings = {
				ALWAYS_SEARCH_USER_PATHS = NO;
				CLANG_ANALYZER_NONNULL = YES;
				CLANG_ANALYZER_NUMBER_OBJECT_CONVERSION = YES_AGGRESSIVE;
				CLANG_CXX_LANGUAGE_STANDARD = "gnu++14";
				CLANG_CXX_LIBRARY = "libc++";
				CLANG_ENABLE_MODULES = YES;
				CLANG_ENABLE_OBJC_ARC = YES;
				CLANG_ENABLE_OBJC_WEAK = YES;
				CLANG_WARN_BLOCK_CAPTURE_AUTORELEASING = YES;
				CLANG_WARN_BOOL_CONVERSION = YES;
				CLANG_WARN_COMMA = YES;
				CLANG_WARN_CONSTANT_CONVERSION = YES;
				CLANG_WARN_DEPRECATED_OBJC_IMPLEMENTATIONS = YES;
				CLANG_WARN_DIRECT_OBJC_ISA_USAGE = YES_ERROR;
				CLANG_WARN_DOCUMENTATION_COMMENTS = YES;
				CLANG_WARN_EMPTY_BODY = YES;
				CLANG_WARN_ENUM_CONVERSION = YES;
				CLANG_WARN_INFINITE_RECURSION = YES;
				CLANG_WARN_INT_CONVERSION = YES;
				CLANG_WARN_NON_LITERAL_NULL_CONVERSION = YES;
				CLANG_WARN_OBJC_IMPLICIT_RETAIN_SELF = YES;
				CLANG_WARN_OBJC_LITERAL_CONVERSION = YES;
				CLANG_WARN_OBJC_ROOT_CLASS = YES_ERROR;
				CLANG_WARN_QUOTED_INCLUDE_IN_FRAMEWORK_HEADER = YES;
				CLANG_WARN_RANGE_LOOP_ANALYSIS = YES;
				CLANG_WARN_STRICT_PROTOTYPES = YES;
				CLANG_WARN_SUSPICIOUS_MOVE = YES;
				CLANG_WARN_UNGUARDED_AVAILABILITY = YES_AGGRESSIVE;
				CLANG_WARN_UNREACHABLE_CODE = YES;
				CLANG_WARN__DUPLICATE_METHOD_MATCH = YES;
				COPY_PHASE_STRIP = NO;
				DEBUG_INFORMATION_FORMAT = "dwarf-with-dsym";
				ENABLE_NS_ASSERTIONS = NO;
				ENABLE_STRICT_OBJC_MSGSEND = YES;
				GCC_C_LANGUAGE_STANDARD = gnu11;
				GCC_NO_COMMON_BLOCKS = YES;
				GCC_WARN_64_TO_32_BIT_CONVERSION = YES;
				GCC_WARN_ABOUT_RETURN_TYPE = YES_ERROR;
				GCC_WARN_UNDECLARED_SELECTOR = YES;
				GCC_WARN_UNINITIALIZED_AUTOS = YES_AGGRESSIVE;
				GCC_WARN_UNUSED_FUNCTION = YES;
				GCC_WARN_UNUSED_VARIABLE = YES;
				IPHONEOS_DEPLOYMENT_TARGET = 14.1;
				MTL_ENABLE_DEBUG_INFO = NO;
				MTL_FAST_MATH = YES;
				SDKROOT = iphoneos;
				SWIFT_COMPILATION_MODE = wholemodule;
				SWIFT_OPTIMIZATION_LEVEL = "-O";
				VALIDATE_PRODUCT = YES;
			};
			name = Release;
		};
		1E4723B625524822009DA9EE /* Debug */ = {
			isa = XCBuildConfiguration;
			buildSettings = {
				ASSETCATALOG_COMPILER_APPICON_NAME = AppIcon;
				ASSETCATALOG_COMPILER_GLOBAL_ACCENT_COLOR_NAME = AccentColor;
				CODE_SIGN_STYLE = Automatic;
				INFOPLIST_FILE = "Switch View Controller Based On UserDefaults/Info.plist";
				LD_RUNPATH_SEARCH_PATHS = (
					"$(inherited)",
					"@executable_path/Frameworks",
				);
				PRODUCT_BUNDLE_IDENTIFIER = "Tyler-Lyczak.Switch-View-Controller-Based-On-UserDefaults";
				PRODUCT_NAME = "$(TARGET_NAME)";
				SWIFT_VERSION = 5.0;
				TARGETED_DEVICE_FAMILY = "1,2";
			};
			name = Debug;
		};
		1E4723B725524822009DA9EE /* Release */ = {
			isa = XCBuildConfiguration;
			buildSettings = {
				ASSETCATALOG_COMPILER_APPICON_NAME = AppIcon;
				ASSETCATALOG_COMPILER_GLOBAL_ACCENT_COLOR_NAME = AccentColor;
				CODE_SIGN_STYLE = Automatic;
				INFOPLIST_FILE = "Switch View Controller Based On UserDefaults/Info.plist";
				LD_RUNPATH_SEARCH_PATHS = (
					"$(inherited)",
					"@executable_path/Frameworks",
				);
				PRODUCT_BUNDLE_IDENTIFIER = "Tyler-Lyczak.Switch-View-Controller-Based-On-UserDefaults";
				PRODUCT_NAME = "$(TARGET_NAME)";
				SWIFT_VERSION = 5.0;
				TARGETED_DEVICE_FAMILY = "1,2";
			};
			name = Release;
		};
		1E4723B925524822009DA9EE /* Debug */ = {
			isa = XCBuildConfiguration;
			buildSettings = {
				ALWAYS_EMBED_SWIFT_STANDARD_LIBRARIES = YES;
				BUNDLE_LOADER = "$(TEST_HOST)";
				CODE_SIGN_STYLE = Automatic;
				INFOPLIST_FILE = "Switch View Controller Based On UserDefaultsTests/Info.plist";
				IPHONEOS_DEPLOYMENT_TARGET = 14.1;
				LD_RUNPATH_SEARCH_PATHS = (
					"$(inherited)",
					"@executable_path/Frameworks",
					"@loader_path/Frameworks",
				);
				PRODUCT_BUNDLE_IDENTIFIER = "Tyler-Lyczak.Switch-View-Controller-Based-On-UserDefaultsTests";
				PRODUCT_NAME = "$(TARGET_NAME)";
				SWIFT_VERSION = 5.0;
				TARGETED_DEVICE_FAMILY = "1,2";
				TEST_HOST = "$(BUILT_PRODUCTS_DIR)/Switch View Controller Based On UserDefaults.app/Switch View Controller Based On UserDefaults";
			};
			name = Debug;
		};
		1E4723BA25524822009DA9EE /* Release */ = {
			isa = XCBuildConfiguration;
			buildSettings = {
				ALWAYS_EMBED_SWIFT_STANDARD_LIBRARIES = YES;
				BUNDLE_LOADER = "$(TEST_HOST)";
				CODE_SIGN_STYLE = Automatic;
				INFOPLIST_FILE = "Switch View Controller Based On UserDefaultsTests/Info.plist";
				IPHONEOS_DEPLOYMENT_TARGET = 14.1;
				LD_RUNPATH_SEARCH_PATHS = (
					"$(inherited)",
					"@executable_path/Frameworks",
					"@loader_path/Frameworks",
				);
				PRODUCT_BUNDLE_IDENTIFIER = "Tyler-Lyczak.Switch-View-Controller-Based-On-UserDefaultsTests";
				PRODUCT_NAME = "$(TARGET_NAME)";
				SWIFT_VERSION = 5.0;
				TARGETED_DEVICE_FAMILY = "1,2";
				TEST_HOST = "$(BUILT_PRODUCTS_DIR)/Switch View Controller Based On UserDefaults.app/Switch View Controller Based On UserDefaults";
			};
			name = Release;
		};
		1E4723BC25524822009DA9EE /* Debug */ = {
			isa = XCBuildConfiguration;
			buildSettings = {
				ALWAYS_EMBED_SWIFT_STANDARD_LIBRARIES = YES;
				CODE_SIGN_STYLE = Automatic;
				INFOPLIST_FILE = "Switch View Controller Based On UserDefaultsUITests/Info.plist";
				LD_RUNPATH_SEARCH_PATHS = (
					"$(inherited)",
					"@executable_path/Frameworks",
					"@loader_path/Frameworks",
				);
				PRODUCT_BUNDLE_IDENTIFIER = "Tyler-Lyczak.Switch-View-Controller-Based-On-UserDefaultsUITests";
				PRODUCT_NAME = "$(TARGET_NAME)";
				SWIFT_VERSION = 5.0;
				TARGETED_DEVICE_FAMILY = "1,2";
				TEST_TARGET_NAME = "Switch View Controller Based On UserDefaults";
			};
			name = Debug;
		};
		1E4723BD25524822009DA9EE /* Release */ = {
			isa = XCBuildConfiguration;
			buildSettings = {
				ALWAYS_EMBED_SWIFT_STANDARD_LIBRARIES = YES;
				CODE_SIGN_STYLE = Automatic;
				INFOPLIST_FILE = "Switch View Controller Based On UserDefaultsUITests/Info.plist";
				LD_RUNPATH_SEARCH_PATHS = (
					"$(inherited)",
					"@executable_path/Frameworks",
					"@loader_path/Frameworks",
				);
				PRODUCT_BUNDLE_IDENTIFIER = "Tyler-Lyczak.Switch-View-Controller-Based-On-UserDefaultsUITests";
				PRODUCT_NAME = "$(TARGET_NAME)";
				SWIFT_VERSION = 5.0;
				TARGETED_DEVICE_FAMILY = "1,2";
				TEST_TARGET_NAME = "Switch View Controller Based On UserDefaults";
			};
			name = Release;
		};
/* End XCBuildConfiguration section */

/* Begin XCConfigurationList section */
		1E47238625524822009DA9EE /* Build configuration list for PBXProject "Switch View Controller Based On UserDefaults" */ = {
			isa = XCConfigurationList;
			buildConfigurations = (
				1E4723B325524822009DA9EE /* Debug */,
				1E4723B425524822009DA9EE /* Release */,
			);
			defaultConfigurationIsVisible = 0;
			defaultConfigurationName = Release;
		};
		1E4723B525524822009DA9EE /* Build configuration list for PBXNativeTarget "Switch View Controller Based On UserDefaults" */ = {
			isa = XCConfigurationList;
			buildConfigurations = (
				1E4723B625524822009DA9EE /* Debug */,
				1E4723B725524822009DA9EE /* Release */,
			);
			defaultConfigurationIsVisible = 0;
			defaultConfigurationName = Release;
		};
		1E4723B825524822009DA9EE /* Build configuration list for PBXNativeTarget "Switch View Controller Based On UserDefaultsTests" */ = {
			isa = XCConfigurationList;
			buildConfigurations = (
				1E4723B925524822009DA9EE /* Debug */,
				1E4723BA25524822009DA9EE /* Release */,
			);
			defaultConfigurationIsVisible = 0;
			defaultConfigurationName = Release;
		};
		1E4723BB25524822009DA9EE /* Build configuration list for PBXNativeTarget "Switch View Controller Based On UserDefaultsUITests" */ = {
			isa = XCConfigurationList;
			buildConfigurations = (
				1E4723BC25524822009DA9EE /* Debug */,
				1E4723BD25524822009DA9EE /* Release */,
			);
			defaultConfigurationIsVisible = 0;
			defaultConfigurationName = Release;
		};
/* End XCConfigurationList section */
	};
	rootObject = 1E47238325524822009DA9EE /* Project object */;
}
